
Microsoft Visual Studio Solution File, Format Version 12.00
# Visual Studio 15
Project("{FAE04EC0-301F-11D3-BF4B-00C04F79EFBC}") = "ChallengesWithTestsMark8.Tests", "ChallengesWithTestsMark8.Tests.csproj", "{0ADD7907-DB97-49D4-B67D-F898ADD41A33}"
EndProject
Global
	GlobalSection(SolutionConfigurationPlatforms) = preSolution
		Debug|Any CPU = Debug|Any CPU
		Release|Any CPU = Release|Any CPU
	EndGlobalSection
	GlobalSection(ProjectConfigurationPlatforms) = postSolution
		{0ADD7907-DB97-49D4-B67D-F898ADD41A33}.Debug|Any CPU.ActiveCfg = Debug|Any CPU
		{0ADD7907-DB97-49D4-B67D-F898ADD41A33}.Debug|Any CPU.Build.0 = Debug|Any CPU
		{0ADD7907-DB97-49D4-B67D-F898ADD41A33}.Release|Any CPU.ActiveCfg = Release|Any CPU
		{0ADD7907-DB97-49D4-B67D-F898ADD41A33}.Release|Any CPU.Build.0 = Release|Any CPU
	EndGlobalSection
EndGlobal
